
Microsoft Visual Studio Solution File, Format Version 12.00
# Visual Studio Version 17
VisualStudioVersion = 17.14.36301.6 d17.14
MinimumVisualStudioVersion = 10.0.40219.1
Project("{FAE04EC0-301F-11D3-BF4B-00C04F79EFBC}") = "OnlineShoppingApp.API", "OnlineShoppingApp.API.csproj", "{8FF813DE-F3ED-4C0E-9083-A820EF100F89}"
EndProject
Global
	GlobalSection(SolutionConfigurationPlatforms) = preSolution
		Debug|Any CPU = Debug|Any CPU
		Release|Any CPU = Release|Any CPU
	EndGlobalSection
	GlobalSection(ProjectConfigurationPlatforms) = postSolution
		{8FF813DE-F3ED-4C0E-9083-A820EF100F89}.Debug|Any CPU.ActiveCfg = Debug|Any CPU
		{8FF813DE-F3ED-4C0E-9083-A820EF100F89}.Debug|Any CPU.Build.0 = Debug|Any CPU
		{8FF813DE-F3ED-4C0E-9083-A820EF100F89}.Release|Any CPU.ActiveCfg = Release|Any CPU
		{8FF813DE-F3ED-4C0E-9083-A820EF100F89}.Release|Any CPU.Build.0 = Release|Any CPU
	EndGlobalSection
	GlobalSection(SolutionProperties) = preSolution
		HideSolutionNode = FALSE
	EndGlobalSection
	GlobalSection(ExtensibilityGlobals) = postSolution
		SolutionGuid = {7248C074-621C-4514-B806-D8D752E130DC}
	EndGlobalSection
EndGlobal
